// !$*UTF8*$!
{
	archiveVersion = 1;
	classes = {
	};
	objectVersion = 70;
	objects = {

/* Begin PBXBuildFile section */
		DC3777602C1DDA8D0065C302 /* ShareViewController.swift in Sources */ = {isa = PBXBuildFile; fileRef = DC37775F2C1DDA8D0065C302 /* ShareViewController.swift */; };
		DC3777632C1DDA8D0065C302 /* Base in Resources */ = {isa = PBXBuildFile; fileRef = DC3777622C1DDA8D0065C302 /* Base */; };
		DC3777672C1DDA8D0065C302 /* ShareTarget.appex in Embed Foundation Extensions */ = {isa = PBXBuildFile; fileRef = DC37775D2C1DDA8D0065C302 /* ShareTarget.appex */; settings = {ATTRIBUTES = (RemoveHeadersOnCopy, ); }; };
		DC37777A2C1DDC050065C302 /* InterclipShared.docc in Sources */ = {isa = PBXBuildFile; fileRef = DC3777792C1DDC050065C302 /* InterclipShared.docc */; };
		DC3777802C1DDC050065C302 /* InterclipShared.framework in Frameworks */ = {isa = PBXBuildFile; fileRef = DC3777762C1DDC050065C302 /* InterclipShared.framework */; };
		DC3777872C1DDC050065C302 /* InterclipSharedTests.swift in Sources */ = {isa = PBXBuildFile; fileRef = DC3777862C1DDC050065C302 /* InterclipSharedTests.swift */; };
		DC3777882C1DDC050065C302 /* InterclipShared.h in Headers */ = {isa = PBXBuildFile; fileRef = DC3777782C1DDC050065C302 /* InterclipShared.h */; settings = {ATTRIBUTES = (Public, ); }; };
		DC37779B2C1DDC820065C302 /* ClipService.swift in Sources */ = {isa = PBXBuildFile; fileRef = DC37779A2C1DDC7E0065C302 /* ClipService.swift */; };
		DC3777A22C1DE7DC0065C302 /* Helpers.swift in Sources */ = {isa = PBXBuildFile; fileRef = DC3777A12C1DE7DA0065C302 /* Helpers.swift */; };
		DC72A9082C1A2C940005CB7A /* InterclipApp.swift in Sources */ = {isa = PBXBuildFile; fileRef = DC72A9072C1A2C940005CB7A /* InterclipApp.swift */; };
		DC72A90A2C1A2C940005CB7A /* ContentView.swift in Sources */ = {isa = PBXBuildFile; fileRef = DC72A9092C1A2C940005CB7A /* ContentView.swift */; };
		DC72A90C2C1A2C950005CB7A /* Assets.xcassets in Resources */ = {isa = PBXBuildFile; fileRef = DC72A90B2C1A2C950005CB7A /* Assets.xcassets */; };
		DC72A90F2C1A2C950005CB7A /* Preview Assets.xcassets in Resources */ = {isa = PBXBuildFile; fileRef = DC72A90E2C1A2C950005CB7A /* Preview Assets.xcassets */; };
		DC72A9192C1A2C950005CB7A /* InterclipTests.swift in Sources */ = {isa = PBXBuildFile; fileRef = DC72A9182C1A2C950005CB7A /* InterclipTests.swift */; };
		DC72A9232C1A2C950005CB7A /* InterclipUITests.swift in Sources */ = {isa = PBXBuildFile; fileRef = DC72A9222C1A2C950005CB7A /* InterclipUITests.swift */; };
		DC9913D62C20DA71007A166C /* InterclipShared.framework in Frameworks */ = {isa = PBXBuildFile; fileRef = DC3777762C1DDC050065C302 /* InterclipShared.framework */; };
		DC9913D72C20DA71007A166C /* InterclipShared.framework in Embed Frameworks */ = {isa = PBXBuildFile; fileRef = DC3777762C1DDC050065C302 /* InterclipShared.framework */; settings = {ATTRIBUTES = (CodeSignOnCopy, RemoveHeadersOnCopy, ); }; };
		DC9913D92C20DAC0007A166C /* InterclipShared.framework in Frameworks */ = {isa = PBXBuildFile; fileRef = DC3777762C1DDC050065C302 /* InterclipShared.framework */; };
		DC9913DE2C20DE45007A166C /* SnapshotHelper.swift in Sources */ = {isa = PBXBuildFile; fileRef = DC9913DF2C20DE45007A166C /* SnapshotHelper.swift */; };
/* End PBXBuildFile section */

/* Begin PBXContainerItemProxy section */
		DC3777652C1DDA8D0065C302 /* PBXContainerItemProxy */ = {
			isa = PBXContainerItemProxy;
			containerPortal = DC72A8FC2C1A2C940005CB7A /* Project object */;
			proxyType = 1;
			remoteGlobalIDString = DC37775C2C1DDA8D0065C302;
			remoteInfo = ShareTarget;
		};
		DC3777812C1DDC050065C302 /* PBXContainerItemProxy */ = {
			isa = PBXContainerItemProxy;
			containerPortal = DC72A8FC2C1A2C940005CB7A /* Project object */;
			proxyType = 1;
			remoteGlobalIDString = DC3777752C1DDC050065C302;
			remoteInfo = InterclipShared;
		};
		DC3777832C1DDC050065C302 /* PBXContainerItemProxy */ = {
			isa = PBXContainerItemProxy;
			containerPortal = DC72A8FC2C1A2C940005CB7A /* Project object */;
			proxyType = 1;
			remoteGlobalIDString = DC72A9032C1A2C940005CB7A;
			remoteInfo = Interclip;
		};
		DC3777892C1DDC050065C302 /* PBXContainerItemProxy */ = {
			isa = PBXContainerItemProxy;
			containerPortal = DC72A8FC2C1A2C940005CB7A /* Project object */;
			proxyType = 1;
			remoteGlobalIDString = DC3777752C1DDC050065C302;
			remoteInfo = InterclipShared;
		};
		DC3777962C1DDC600065C302 /* PBXContainerItemProxy */ = {
			isa = PBXContainerItemProxy;
			containerPortal = DC72A8FC2C1A2C940005CB7A /* Project object */;
			proxyType = 1;
			remoteGlobalIDString = DC3777752C1DDC050065C302;
			remoteInfo = InterclipShared;
		};
		DC3777982C1DDC6D0065C302 /* PBXContainerItemProxy */ = {
			isa = PBXContainerItemProxy;
			containerPortal = DC72A8FC2C1A2C940005CB7A /* Project object */;
			proxyType = 1;
			remoteGlobalIDString = DC37775C2C1DDA8D0065C302;
			remoteInfo = ShareTarget;
		};
		DC37779E2C1DDDF00065C302 /* PBXContainerItemProxy */ = {
			isa = PBXContainerItemProxy;
			containerPortal = DC72A8FC2C1A2C940005CB7A /* Project object */;
			proxyType = 1;
			remoteGlobalIDString = DC3777752C1DDC050065C302;
			remoteInfo = InterclipShared;
		};
		DC72A9152C1A2C950005CB7A /* PBXContainerItemProxy */ = {
			isa = PBXContainerItemProxy;
			containerPortal = DC72A8FC2C1A2C940005CB7A /* Project object */;
			proxyType = 1;
			remoteGlobalIDString = DC72A9032C1A2C940005CB7A;
			remoteInfo = Interclip;
		};
		DC72A91F2C1A2C950005CB7A /* PBXContainerItemProxy */ = {
			isa = PBXContainerItemProxy;
			containerPortal = DC72A8FC2C1A2C940005CB7A /* Project object */;
			proxyType = 1;
			remoteGlobalIDString = DC72A9032C1A2C940005CB7A;
			remoteInfo = Interclip;
		};
		DC9913DC2C20DE45007A166C /* PBXContainerItemProxy */ = {
			isa = PBXContainerItemProxy;
			containerPortal = DC72A8FC2C1A2C940005CB7A /* Project object */;
			proxyType = 1;
			remoteGlobalIDString = DC37775C2C1DDA8D0065C302;
			remoteInfo = ShareTarget;
		};
/* End PBXContainerItemProxy section */

/* Begin PBXCopyFilesBuildPhase section */
		DC37776B2C1DDA8D0065C302 /* Embed Foundation Extensions */ = {
			isa = PBXCopyFilesBuildPhase;
			buildActionMask = 2147483647;
			dstPath = "";
			dstSubfolderSpec = 13;
			files = (
				DC3777672C1DDA8D0065C302 /* ShareTarget.appex in Embed Foundation Extensions */,
			);
			name = "Embed Foundation Extensions";
			runOnlyForDeploymentPostprocessing = 0;
		};
		DC9913D82C20DA71007A166C /* Embed Frameworks */ = {
			isa = PBXCopyFilesBuildPhase;
			buildActionMask = 2147483647;
			dstPath = "";
			dstSubfolderSpec = 10;
			files = (
				DC9913D72C20DA71007A166C /* InterclipShared.framework in Embed Frameworks */,
			);
			name = "Embed Frameworks";
			runOnlyForDeploymentPostprocessing = 0;
		};
/* End PBXCopyFilesBuildPhase section */

/* Begin PBXFileReference section */
		DC37774D2C1DB4910065C302 /* Info.plist */ = {isa = PBXFileReference; lastKnownFileType = text.plist; path = Info.plist; sourceTree = "<group>"; };
		DC37775D2C1DDA8D0065C302 /* ShareTarget.appex */ = {isa = PBXFileReference; explicitFileType = "wrapper.app-extension"; includeInIndex = 0; path = ShareTarget.appex; sourceTree = BUILT_PRODUCTS_DIR; };
		DC37775F2C1DDA8D0065C302 /* ShareViewController.swift */ = {isa = PBXFileReference; lastKnownFileType = sourcecode.swift; path = ShareViewController.swift; sourceTree = "<group>"; };
		DC3777622C1DDA8D0065C302 /* Base */ = {isa = PBXFileReference; lastKnownFileType = file.storyboard; name = Base; path = Base.lproj/MainInterface.storyboard; sourceTree = "<group>"; };
		DC3777642C1DDA8D0065C302 /* Info.plist */ = {isa = PBXFileReference; lastKnownFileType = text.plist.xml; path = Info.plist; sourceTree = "<group>"; };
		DC3777762C1DDC050065C302 /* InterclipShared.framework */ = {isa = PBXFileReference; explicitFileType = wrapper.framework; includeInIndex = 0; path = InterclipShared.framework; sourceTree = BUILT_PRODUCTS_DIR; };
		DC3777782C1DDC050065C302 /* InterclipShared.h */ = {isa = PBXFileReference; lastKnownFileType = sourcecode.c.h; path = InterclipShared.h; sourceTree = "<group>"; };
		DC3777792C1DDC050065C302 /* InterclipShared.docc */ = {isa = PBXFileReference; lastKnownFileType = folder.documentationcatalog; path = InterclipShared.docc; sourceTree = "<group>"; };
		DC37777F2C1DDC050065C302 /* InterclipSharedTests.xctest */ = {isa = PBXFileReference; explicitFileType = wrapper.cfbundle; includeInIndex = 0; path = InterclipSharedTests.xctest; sourceTree = BUILT_PRODUCTS_DIR; };
		DC3777862C1DDC050065C302 /* InterclipSharedTests.swift */ = {isa = PBXFileReference; lastKnownFileType = sourcecode.swift; path = InterclipSharedTests.swift; sourceTree = "<group>"; };
		DC37779A2C1DDC7E0065C302 /* ClipService.swift */ = {isa = PBXFileReference; lastKnownFileType = sourcecode.swift; path = ClipService.swift; sourceTree = "<group>"; };
		DC3777A12C1DE7DA0065C302 /* Helpers.swift */ = {isa = PBXFileReference; lastKnownFileType = sourcecode.swift; path = Helpers.swift; sourceTree = "<group>"; };
		DC72A9042C1A2C940005CB7A /* Interclip.app */ = {isa = PBXFileReference; explicitFileType = wrapper.application; includeInIndex = 0; path = Interclip.app; sourceTree = BUILT_PRODUCTS_DIR; };
		DC72A9072C1A2C940005CB7A /* InterclipApp.swift */ = {isa = PBXFileReference; lastKnownFileType = sourcecode.swift; path = InterclipApp.swift; sourceTree = "<group>"; };
		DC72A9092C1A2C940005CB7A /* ContentView.swift */ = {isa = PBXFileReference; lastKnownFileType = sourcecode.swift; path = ContentView.swift; sourceTree = "<group>"; };
		DC72A90B2C1A2C950005CB7A /* Assets.xcassets */ = {isa = PBXFileReference; lastKnownFileType = folder.assetcatalog; path = Assets.xcassets; sourceTree = "<group>"; };
		DC72A90E2C1A2C950005CB7A /* Preview Assets.xcassets */ = {isa = PBXFileReference; lastKnownFileType = folder.assetcatalog; path = "Preview Assets.xcassets"; sourceTree = "<group>"; };
		DC72A9142C1A2C950005CB7A /* InterclipTests.xctest */ = {isa = PBXFileReference; explicitFileType = wrapper.cfbundle; includeInIndex = 0; path = InterclipTests.xctest; sourceTree = BUILT_PRODUCTS_DIR; };
		DC72A9182C1A2C950005CB7A /* InterclipTests.swift */ = {isa = PBXFileReference; lastKnownFileType = sourcecode.swift; path = InterclipTests.swift; sourceTree = "<group>"; };
		DC72A91E2C1A2C950005CB7A /* InterclipUITests.xctest */ = {isa = PBXFileReference; explicitFileType = wrapper.cfbundle; includeInIndex = 0; path = InterclipUITests.xctest; sourceTree = BUILT_PRODUCTS_DIR; };
		DC72A9222C1A2C950005CB7A /* InterclipUITests.swift */ = {isa = PBXFileReference; lastKnownFileType = sourcecode.swift; path = InterclipUITests.swift; sourceTree = "<group>"; };
		DC9913DF2C20DE45007A166C /* SnapshotHelper.swift */ = {isa = PBXFileReference; lastKnownFileType = sourcecode.swift; path = SnapshotHelper.swift; sourceTree = "<group>"; };
/* End PBXFileReference section */

/* Begin PBXFileSystemSynchronizedBuildFileExceptionSet section */
		DC37774F2C1DB52E0065C302 /* PBXFileSystemSynchronizedBuildFileExceptionSet */ = {
			isa = PBXFileSystemSynchronizedBuildFileExceptionSet;
			membershipExceptions = (
				AppIntents.swift,
				InterclipShortcuts.swift,
			);
			target = DC72A9032C1A2C940005CB7A /* Interclip */;
		};
/* End PBXFileSystemSynchronizedBuildFileExceptionSet section */

/* Begin PBXFileSystemSynchronizedRootGroup section */
		DC3777482C1DB0360065C302 /* App Intents */ = {isa = PBXFileSystemSynchronizedRootGroup; exceptions = (DC37774F2C1DB52E0065C302 /* PBXFileSystemSynchronizedBuildFileExceptionSet */, ); explicitFileTypes = {}; explicitFolders = (); path = "App Intents"; sourceTree = "<group>"; };
/* End PBXFileSystemSynchronizedRootGroup section */

/* Begin PBXFrameworksBuildPhase section */
		DC37775A2C1DDA8D0065C302 /* Frameworks */ = {
			isa = PBXFrameworksBuildPhase;
			buildActionMask = 2147483647;
			files = (
				DC9913D92C20DAC0007A166C /* InterclipShared.framework in Frameworks */,
			);
			runOnlyForDeploymentPostprocessing = 0;
		};
		DC3777732C1DDC050065C302 /* Frameworks */ = {
			isa = PBXFrameworksBuildPhase;
			buildActionMask = 2147483647;
			files = (
			);
			runOnlyForDeploymentPostprocessing = 0;
		};
		DC37777C2C1DDC050065C302 /* Frameworks */ = {
			isa = PBXFrameworksBuildPhase;
			buildActionMask = 2147483647;
			files = (
				DC3777802C1DDC050065C302 /* InterclipShared.framework in Frameworks */,
			);
			runOnlyForDeploymentPostprocessing = 0;
		};
		DC72A9012C1A2C940005CB7A /* Frameworks */ = {
			isa = PBXFrameworksBuildPhase;
			buildActionMask = 2147483647;
			files = (
				DC9913D62C20DA71007A166C /* InterclipShared.framework in Frameworks */,
			);
			runOnlyForDeploymentPostprocessing = 0;
		};
		DC72A9112C1A2C950005CB7A /* Frameworks */ = {
			isa = PBXFrameworksBuildPhase;
			buildActionMask = 2147483647;
			files = (
			);
			runOnlyForDeploymentPostprocessing = 0;
		};
		DC72A91B2C1A2C950005CB7A /* Frameworks */ = {
			isa = PBXFrameworksBuildPhase;
			buildActionMask = 2147483647;
			files = (
			);
			runOnlyForDeploymentPostprocessing = 0;
		};
/* End PBXFrameworksBuildPhase section */

/* Begin PBXGroup section */
		DC37775E2C1DDA8D0065C302 /* ShareTarget */ = {
			isa = PBXGroup;
			children = (
				DC37775F2C1DDA8D0065C302 /* ShareViewController.swift */,
				DC3777612C1DDA8D0065C302 /* MainInterface.storyboard */,
				DC3777642C1DDA8D0065C302 /* Info.plist */,
			);
			path = ShareTarget;
			sourceTree = "<group>";
		};
		DC3777772C1DDC050065C302 /* InterclipShared */ = {
			isa = PBXGroup;
			children = (
				DC3777A12C1DE7DA0065C302 /* Helpers.swift */,
				DC37779A2C1DDC7E0065C302 /* ClipService.swift */,
				DC3777782C1DDC050065C302 /* InterclipShared.h */,
				DC3777792C1DDC050065C302 /* InterclipShared.docc */,
			);
			path = InterclipShared;
			sourceTree = "<group>";
		};
		DC3777852C1DDC050065C302 /* InterclipSharedTests */ = {
			isa = PBXGroup;
			children = (
				DC3777862C1DDC050065C302 /* InterclipSharedTests.swift */,
			);
			path = InterclipSharedTests;
			sourceTree = "<group>";
		};
		DC3777942C1DDC600065C302 /* Frameworks */ = {
			isa = PBXGroup;
			children = (
			);
			name = Frameworks;
			sourceTree = "<group>";
		};
		DC72A8FB2C1A2C940005CB7A = {
			isa = PBXGroup;
			children = (
				DC72A9062C1A2C940005CB7A /* Interclip */,
				DC72A9172C1A2C950005CB7A /* InterclipTests */,
				DC72A9212C1A2C950005CB7A /* InterclipUITests */,
				DC37775E2C1DDA8D0065C302 /* ShareTarget */,
				DC3777772C1DDC050065C302 /* InterclipShared */,
				DC3777852C1DDC050065C302 /* InterclipSharedTests */,
				DC72A9052C1A2C940005CB7A /* Products */,
				DC3777942C1DDC600065C302 /* Frameworks */,
			);
			sourceTree = "<group>";
		};
		DC72A9052C1A2C940005CB7A /* Products */ = {
			isa = PBXGroup;
			children = (
				DC72A9042C1A2C940005CB7A /* Interclip.app */,
				DC72A9142C1A2C950005CB7A /* InterclipTests.xctest */,
				DC72A91E2C1A2C950005CB7A /* InterclipUITests.xctest */,
				DC37775D2C1DDA8D0065C302 /* ShareTarget.appex */,
				DC3777762C1DDC050065C302 /* InterclipShared.framework */,
				DC37777F2C1DDC050065C302 /* InterclipSharedTests.xctest */,
			);
			name = Products;
			sourceTree = "<group>";
		};
		DC72A9062C1A2C940005CB7A /* Interclip */ = {
			isa = PBXGroup;
			children = (
				DC37774D2C1DB4910065C302 /* Info.plist */,
				DC3777482C1DB0360065C302 /* App Intents */,
				DC72A9072C1A2C940005CB7A /* InterclipApp.swift */,
				DC72A9092C1A2C940005CB7A /* ContentView.swift */,
				DC72A90B2C1A2C950005CB7A /* Assets.xcassets */,
				DC72A90D2C1A2C950005CB7A /* Preview Content */,
			);
			path = Interclip;
			sourceTree = "<group>";
		};
		DC72A90D2C1A2C950005CB7A /* Preview Content */ = {
			isa = PBXGroup;
			children = (
				DC72A90E2C1A2C950005CB7A /* Preview Assets.xcassets */,
			);
			path = "Preview Content";
			sourceTree = "<group>";
		};
		DC72A9172C1A2C950005CB7A /* InterclipTests */ = {
			isa = PBXGroup;
			children = (
				DC72A9182C1A2C950005CB7A /* InterclipTests.swift */,
			);
			path = InterclipTests;
			sourceTree = "<group>";
		};
		DC72A9212C1A2C950005CB7A /* InterclipUITests */ = {
			isa = PBXGroup;
			children = (
				DC72A9222C1A2C950005CB7A /* InterclipUITests.swift */,
				DC9913DF2C20DE45007A166C /* SnapshotHelper.swift */,
			);
			path = InterclipUITests;
			sourceTree = "<group>";
		};
/* End PBXGroup section */

/* Begin PBXHeadersBuildPhase section */
		DC3777712C1DDC050065C302 /* Headers */ = {
			isa = PBXHeadersBuildPhase;
			buildActionMask = 2147483647;
			files = (
				DC3777882C1DDC050065C302 /* InterclipShared.h in Headers */,
			);
			runOnlyForDeploymentPostprocessing = 0;
		};
/* End PBXHeadersBuildPhase section */

/* Begin PBXNativeTarget section */
		DC37775C2C1DDA8D0065C302 /* ShareTarget */ = {
			isa = PBXNativeTarget;
			buildConfigurationList = DC3777682C1DDA8D0065C302 /* Build configuration list for PBXNativeTarget "ShareTarget" */;
			buildPhases = (
				DC3777592C1DDA8D0065C302 /* Sources */,
				DC37775A2C1DDA8D0065C302 /* Frameworks */,
				DC37775B2C1DDA8D0065C302 /* Resources */,
			);
			buildRules = (
			);
			dependencies = (
				DC37779F2C1DDDF00065C302 /* PBXTargetDependency */,
			);
			name = ShareTarget;
			productName = ShareTarget;
			productReference = DC37775D2C1DDA8D0065C302 /* ShareTarget.appex */;
			productType = "com.apple.product-type.app-extension";
		};
		DC3777752C1DDC050065C302 /* InterclipShared */ = {
			isa = PBXNativeTarget;
			buildConfigurationList = DC3777922C1DDC050065C302 /* Build configuration list for PBXNativeTarget "InterclipShared" */;
			buildPhases = (
				DC3777712C1DDC050065C302 /* Headers */,
				DC3777722C1DDC050065C302 /* Sources */,
				DC3777732C1DDC050065C302 /* Frameworks */,
				DC3777742C1DDC050065C302 /* Resources */,
			);
			buildRules = (
			);
			dependencies = (
			);
			name = InterclipShared;
			productName = InterclipShared;
			productReference = DC3777762C1DDC050065C302 /* InterclipShared.framework */;
			productType = "com.apple.product-type.framework";
		};
		DC37777E2C1DDC050065C302 /* InterclipSharedTests */ = {
			isa = PBXNativeTarget;
			buildConfigurationList = DC3777932C1DDC050065C302 /* Build configuration list for PBXNativeTarget "InterclipSharedTests" */;
			buildPhases = (
				DC37777B2C1DDC050065C302 /* Sources */,
				DC37777C2C1DDC050065C302 /* Frameworks */,
				DC37777D2C1DDC050065C302 /* Resources */,
			);
			buildRules = (
			);
			dependencies = (
				DC3777822C1DDC050065C302 /* PBXTargetDependency */,
				DC3777842C1DDC050065C302 /* PBXTargetDependency */,
			);
			name = InterclipSharedTests;
			productName = InterclipSharedTests;
			productReference = DC37777F2C1DDC050065C302 /* InterclipSharedTests.xctest */;
			productType = "com.apple.product-type.bundle.unit-test";
		};
		DC72A9032C1A2C940005CB7A /* Interclip */ = {
			isa = PBXNativeTarget;
			buildConfigurationList = DC72A9282C1A2C950005CB7A /* Build configuration list for PBXNativeTarget "Interclip" */;
			buildPhases = (
				DC72A9002C1A2C940005CB7A /* Sources */,
				DC72A9012C1A2C940005CB7A /* Frameworks */,
				DC72A9022C1A2C940005CB7A /* Resources */,
				DC37776B2C1DDA8D0065C302 /* Embed Foundation Extensions */,
				DC9913D82C20DA71007A166C /* Embed Frameworks */,
			);
			buildRules = (
			);
			dependencies = (
				DC3777662C1DDA8D0065C302 /* PBXTargetDependency */,
				DC37778A2C1DDC050065C302 /* PBXTargetDependency */,
				DC3777972C1DDC600065C302 /* PBXTargetDependency */,
				DC3777992C1DDC6D0065C302 /* PBXTargetDependency */,
				DC9913DD2C20DE45007A166C /* PBXTargetDependency */,
			);
			name = Interclip;
			productName = Interclip;
			productReference = DC72A9042C1A2C940005CB7A /* Interclip.app */;
			productType = "com.apple.product-type.application";
		};
		DC72A9132C1A2C950005CB7A /* InterclipTests */ = {
			isa = PBXNativeTarget;
			buildConfigurationList = DC72A92B2C1A2C950005CB7A /* Build configuration list for PBXNativeTarget "InterclipTests" */;
			buildPhases = (
				DC72A9102C1A2C950005CB7A /* Sources */,
				DC72A9112C1A2C950005CB7A /* Frameworks */,
				DC72A9122C1A2C950005CB7A /* Resources */,
			);
			buildRules = (
			);
			dependencies = (
				DC72A9162C1A2C950005CB7A /* PBXTargetDependency */,
			);
			name = InterclipTests;
			productName = InterclipTests;
			productReference = DC72A9142C1A2C950005CB7A /* InterclipTests.xctest */;
			productType = "com.apple.product-type.bundle.unit-test";
		};
		DC72A91D2C1A2C950005CB7A /* InterclipUITests */ = {
			isa = PBXNativeTarget;
			buildConfigurationList = DC72A92E2C1A2C950005CB7A /* Build configuration list for PBXNativeTarget "InterclipUITests" */;
			buildPhases = (
				DC72A91A2C1A2C950005CB7A /* Sources */,
				DC72A91B2C1A2C950005CB7A /* Frameworks */,
				DC72A91C2C1A2C950005CB7A /* Resources */,
			);
			buildRules = (
			);
			dependencies = (
				DC72A9202C1A2C950005CB7A /* PBXTargetDependency */,
			);
			name = InterclipUITests;
			productName = InterclipUITests;
			productReference = DC72A91E2C1A2C950005CB7A /* InterclipUITests.xctest */;
			productType = "com.apple.product-type.bundle.ui-testing";
		};
/* End PBXNativeTarget section */

/* Begin PBXProject section */
		DC72A8FC2C1A2C940005CB7A /* Project object */ = {
			isa = PBXProject;
			attributes = {
				BuildIndependentTargetsInParallel = 1;
				LastSwiftUpdateCheck = 1600;
				LastUpgradeCheck = 1600;
				TargetAttributes = {
					DC37775C2C1DDA8D0065C302 = {
						CreatedOnToolsVersion = 16.0;
					};
					DC3777752C1DDC050065C302 = {
						CreatedOnToolsVersion = 16.0;
					};
					DC37777E2C1DDC050065C302 = {
						CreatedOnToolsVersion = 16.0;
						TestTargetID = DC72A9032C1A2C940005CB7A;
					};
					DC72A9032C1A2C940005CB7A = {
						CreatedOnToolsVersion = 16.0;
					};
					DC72A9132C1A2C950005CB7A = {
						CreatedOnToolsVersion = 16.0;
						TestTargetID = DC72A9032C1A2C940005CB7A;
					};
					DC72A91D2C1A2C950005CB7A = {
						CreatedOnToolsVersion = 16.0;
						TestTargetID = DC72A9032C1A2C940005CB7A;
					};
				};
			};
			buildConfigurationList = DC72A8FF2C1A2C940005CB7A /* Build configuration list for PBXProject "Interclip" */;
			compatibilityVersion = "Xcode 15.0";
			developmentRegion = en;
			hasScannedForEncodings = 0;
			knownRegions = (
				en,
				Base,
			);
			mainGroup = DC72A8FB2C1A2C940005CB7A;
			productRefGroup = DC72A9052C1A2C940005CB7A /* Products */;
			projectDirPath = "";
			projectRoot = "";
			targets = (
				DC72A9032C1A2C940005CB7A /* Interclip */,
				DC72A9132C1A2C950005CB7A /* InterclipTests */,
				DC72A91D2C1A2C950005CB7A /* InterclipUITests */,
				DC37775C2C1DDA8D0065C302 /* ShareTarget */,
				DC3777752C1DDC050065C302 /* InterclipShared */,
				DC37777E2C1DDC050065C302 /* InterclipSharedTests */,
			);
		};
/* End PBXProject section */

/* Begin PBXResourcesBuildPhase section */
		DC37775B2C1DDA8D0065C302 /* Resources */ = {
			isa = PBXResourcesBuildPhase;
			buildActionMask = 2147483647;
			files = (
				DC3777632C1DDA8D0065C302 /* Base in Resources */,
			);
			runOnlyForDeploymentPostprocessing = 0;
		};
		DC3777742C1DDC050065C302 /* Resources */ = {
			isa = PBXResourcesBuildPhase;
			buildActionMask = 2147483647;
			files = (
			);
			runOnlyForDeploymentPostprocessing = 0;
		};
		DC37777D2C1DDC050065C302 /* Resources */ = {
			isa = PBXResourcesBuildPhase;
			buildActionMask = 2147483647;
			files = (
			);
			runOnlyForDeploymentPostprocessing = 0;
		};
		DC72A9022C1A2C940005CB7A /* Resources */ = {
			isa = PBXResourcesBuildPhase;
			buildActionMask = 2147483647;
			files = (
				DC72A90F2C1A2C950005CB7A /* Preview Assets.xcassets in Resources */,
				DC72A90C2C1A2C950005CB7A /* Assets.xcassets in Resources */,
			);
			runOnlyForDeploymentPostprocessing = 0;
		};
		DC72A9122C1A2C950005CB7A /* Resources */ = {
			isa = PBXResourcesBuildPhase;
			buildActionMask = 2147483647;
			files = (
			);
			runOnlyForDeploymentPostprocessing = 0;
		};
		DC72A91C2C1A2C950005CB7A /* Resources */ = {
			isa = PBXResourcesBuildPhase;
			buildActionMask = 2147483647;
			files = (
			);
			runOnlyForDeploymentPostprocessing = 0;
		};
/* End PBXResourcesBuildPhase section */

/* Begin PBXSourcesBuildPhase section */
		DC3777592C1DDA8D0065C302 /* Sources */ = {
			isa = PBXSourcesBuildPhase;
			buildActionMask = 2147483647;
			files = (
				DC3777602C1DDA8D0065C302 /* ShareViewController.swift in Sources */,
			);
			runOnlyForDeploymentPostprocessing = 0;
		};
		DC3777722C1DDC050065C302 /* Sources */ = {
			isa = PBXSourcesBuildPhase;
			buildActionMask = 2147483647;
			files = (
				DC37777A2C1DDC050065C302 /* InterclipShared.docc in Sources */,
				DC3777A22C1DE7DC0065C302 /* Helpers.swift in Sources */,
				DC37779B2C1DDC820065C302 /* ClipService.swift in Sources */,
			);
			runOnlyForDeploymentPostprocessing = 0;
		};
		DC37777B2C1DDC050065C302 /* Sources */ = {
			isa = PBXSourcesBuildPhase;
			buildActionMask = 2147483647;
			files = (
				DC3777872C1DDC050065C302 /* InterclipSharedTests.swift in Sources */,
			);
			runOnlyForDeploymentPostprocessing = 0;
		};
		DC72A9002C1A2C940005CB7A /* Sources */ = {
			isa = PBXSourcesBuildPhase;
			buildActionMask = 2147483647;
			files = (
				DC72A90A2C1A2C940005CB7A /* ContentView.swift in Sources */,
				DC72A9082C1A2C940005CB7A /* InterclipApp.swift in Sources */,
			);
			runOnlyForDeploymentPostprocessing = 0;
		};
		DC72A9102C1A2C950005CB7A /* Sources */ = {
			isa = PBXSourcesBuildPhase;
			buildActionMask = 2147483647;
			files = (
				DC72A9192C1A2C950005CB7A /* InterclipTests.swift in Sources */,
			);
			runOnlyForDeploymentPostprocessing = 0;
		};
		DC72A91A2C1A2C950005CB7A /* Sources */ = {
			isa = PBXSourcesBuildPhase;
			buildActionMask = 2147483647;
			files = (
				DC72A9232C1A2C950005CB7A /* InterclipUITests.swift in Sources */,
				DC9913DE2C20DE45007A166C /* SnapshotHelper.swift in Sources */,
			);
			runOnlyForDeploymentPostprocessing = 0;
		};
/* End PBXSourcesBuildPhase section */

/* Begin PBXTargetDependency section */
		DC3777662C1DDA8D0065C302 /* PBXTargetDependency */ = {
			isa = PBXTargetDependency;
			target = DC37775C2C1DDA8D0065C302 /* ShareTarget */;
			targetProxy = DC3777652C1DDA8D0065C302 /* PBXContainerItemProxy */;
		};
		DC3777822C1DDC050065C302 /* PBXTargetDependency */ = {
			isa = PBXTargetDependency;
			target = DC3777752C1DDC050065C302 /* InterclipShared */;
			targetProxy = DC3777812C1DDC050065C302 /* PBXContainerItemProxy */;
		};
		DC3777842C1DDC050065C302 /* PBXTargetDependency */ = {
			isa = PBXTargetDependency;
			target = DC72A9032C1A2C940005CB7A /* Interclip */;
			targetProxy = DC3777832C1DDC050065C302 /* PBXContainerItemProxy */;
		};
		DC37778A2C1DDC050065C302 /* PBXTargetDependency */ = {
			isa = PBXTargetDependency;
			target = DC3777752C1DDC050065C302 /* InterclipShared */;
			targetProxy = DC3777892C1DDC050065C302 /* PBXContainerItemProxy */;
		};
		DC3777972C1DDC600065C302 /* PBXTargetDependency */ = {
			isa = PBXTargetDependency;
			target = DC3777752C1DDC050065C302 /* InterclipShared */;
			targetProxy = DC3777962C1DDC600065C302 /* PBXContainerItemProxy */;
		};
		DC3777992C1DDC6D0065C302 /* PBXTargetDependency */ = {
			isa = PBXTargetDependency;
			target = DC37775C2C1DDA8D0065C302 /* ShareTarget */;
			targetProxy = DC3777982C1DDC6D0065C302 /* PBXContainerItemProxy */;
		};
		DC37779F2C1DDDF00065C302 /* PBXTargetDependency */ = {
			isa = PBXTargetDependency;
			target = DC3777752C1DDC050065C302 /* InterclipShared */;
			targetProxy = DC37779E2C1DDDF00065C302 /* PBXContainerItemProxy */;
		};
		DC72A9162C1A2C950005CB7A /* PBXTargetDependency */ = {
			isa = PBXTargetDependency;
			target = DC72A9032C1A2C940005CB7A /* Interclip */;
			targetProxy = DC72A9152C1A2C950005CB7A /* PBXContainerItemProxy */;
		};
		DC72A9202C1A2C950005CB7A /* PBXTargetDependency */ = {
			isa = PBXTargetDependency;
			target = DC72A9032C1A2C940005CB7A /* Interclip */;
			targetProxy = DC72A91F2C1A2C950005CB7A /* PBXContainerItemProxy */;
		};
		DC9913DD2C20DE45007A166C /* PBXTargetDependency */ = {
			isa = PBXTargetDependency;
			target = DC37775C2C1DDA8D0065C302 /* ShareTarget */;
			targetProxy = DC9913DC2C20DE45007A166C /* PBXContainerItemProxy */;
		};
/* End PBXTargetDependency section */

/* Begin PBXVariantGroup section */
		DC3777612C1DDA8D0065C302 /* MainInterface.storyboard */ = {
			isa = PBXVariantGroup;
			children = (
				DC3777622C1DDA8D0065C302 /* Base */,
			);
			name = MainInterface.storyboard;
			sourceTree = "<group>";
		};
/* End PBXVariantGroup section */

/* Begin XCBuildConfiguration section */
		DC3777692C1DDA8D0065C302 /* Debug */ = {
			isa = XCBuildConfiguration;
			buildSettings = {
				CODE_SIGN_STYLE = Automatic;
				CURRENT_PROJECT_VERSION = 1;
				DEVELOPMENT_TEAM = 9K37685DN3;
				GENERATE_INFOPLIST_FILE = YES;
				INFOPLIST_FILE = ShareTarget/Info.plist;
				INFOPLIST_KEY_CFBundleDisplayName = ShareTarget;
				INFOPLIST_KEY_NSHumanReadableCopyright = "";
				LD_RUNPATH_SEARCH_PATHS = (
					"$(inherited)",
					"@executable_path/Frameworks",
					"@executable_path/../../Frameworks",
				);
				MARKETING_VERSION = 1.0;
				PRODUCT_BUNDLE_IDENTIFIER = app.interclip.ios.ShareTarget;
				PRODUCT_NAME = "$(TARGET_NAME)";
				SKIP_INSTALL = YES;
				SWIFT_EMIT_LOC_STRINGS = YES;
				SWIFT_VERSION = 5.0;
				TARGETED_DEVICE_FAMILY = "1,2";
			};
			name = Debug;
		};
		DC37776A2C1DDA8D0065C302 /* Release */ = {
			isa = XCBuildConfiguration;
			buildSettings = {
				CODE_SIGN_STYLE = Automatic;
				CURRENT_PROJECT_VERSION = 1;
				DEVELOPMENT_TEAM = 9K37685DN3;
				GENERATE_INFOPLIST_FILE = YES;
				INFOPLIST_FILE = ShareTarget/Info.plist;
				INFOPLIST_KEY_CFBundleDisplayName = ShareTarget;
				INFOPLIST_KEY_NSHumanReadableCopyright = "";
				LD_RUNPATH_SEARCH_PATHS = (
					"$(inherited)",
					"@executable_path/Frameworks",
					"@executable_path/../../Frameworks",
				);
				MARKETING_VERSION = 1.0;
				PRODUCT_BUNDLE_IDENTIFIER = app.interclip.ios.ShareTarget;
				PRODUCT_NAME = "$(TARGET_NAME)";
				SKIP_INSTALL = YES;
				SWIFT_EMIT_LOC_STRINGS = YES;
				SWIFT_VERSION = 5.0;
				TARGETED_DEVICE_FAMILY = "1,2";
			};
			name = Release;
		};
		DC37778E2C1DDC050065C302 /* Debug */ = {
			isa = XCBuildConfiguration;
			buildSettings = {
				BUILD_LIBRARY_FOR_DISTRIBUTION = YES;
				CODE_SIGN_STYLE = Automatic;
				CURRENT_PROJECT_VERSION = 1;
				DEFINES_MODULE = YES;
				DEVELOPMENT_TEAM = 9K37685DN3;
				DYLIB_COMPATIBILITY_VERSION = 1;
				DYLIB_CURRENT_VERSION = 1;
				DYLIB_INSTALL_NAME_BASE = "@rpath";
				ENABLE_MODULE_VERIFIER = YES;
				GENERATE_INFOPLIST_FILE = YES;
				INFOPLIST_KEY_NSHumanReadableCopyright = "";
				INSTALL_PATH = "$(LOCAL_LIBRARY_DIR)/Frameworks";
				LD_RUNPATH_SEARCH_PATHS = (
					"$(inherited)",
					"@executable_path/Frameworks",
					"@loader_path/Frameworks",
				);
				MARKETING_VERSION = 1.0;
				MODULE_VERIFIER_SUPPORTED_LANGUAGES = "objective-c objective-c++";
				MODULE_VERIFIER_SUPPORTED_LANGUAGE_STANDARDS = "gnu17 gnu++20";
				PRODUCT_BUNDLE_IDENTIFIER = app.interclip.ios.InterclipShared;
				PRODUCT_NAME = "$(TARGET_NAME:c99extidentifier)";
				SKIP_INSTALL = YES;
				SWIFT_EMIT_LOC_STRINGS = YES;
				SWIFT_INSTALL_OBJC_HEADER = NO;
				SWIFT_VERSION = 5.0;
				TARGETED_DEVICE_FAMILY = "1,2";
				VERSIONING_SYSTEM = "apple-generic";
				VERSION_INFO_PREFIX = "";
			};
			name = Debug;
		};
		DC37778F2C1DDC050065C302 /* Release */ = {
			isa = XCBuildConfiguration;
			buildSettings = {
				BUILD_LIBRARY_FOR_DISTRIBUTION = YES;
				CODE_SIGN_STYLE = Automatic;
				CURRENT_PROJECT_VERSION = 1;
				DEFINES_MODULE = YES;
				DEVELOPMENT_TEAM = 9K37685DN3;
				DYLIB_COMPATIBILITY_VERSION = 1;
				DYLIB_CURRENT_VERSION = 1;
				DYLIB_INSTALL_NAME_BASE = "@rpath";
				ENABLE_MODULE_VERIFIER = YES;
				GENERATE_INFOPLIST_FILE = YES;
				INFOPLIST_KEY_NSHumanReadableCopyright = "";
				INSTALL_PATH = "$(LOCAL_LIBRARY_DIR)/Frameworks";
				LD_RUNPATH_SEARCH_PATHS = (
					"$(inherited)",
					"@executable_path/Frameworks",
					"@loader_path/Frameworks",
				);
				MARKETING_VERSION = 1.0;
				MODULE_VERIFIER_SUPPORTED_LANGUAGES = "objective-c objective-c++";
				MODULE_VERIFIER_SUPPORTED_LANGUAGE_STANDARDS = "gnu17 gnu++20";
				PRODUCT_BUNDLE_IDENTIFIER = app.interclip.ios.InterclipShared;
				PRODUCT_NAME = "$(TARGET_NAME:c99extidentifier)";
				SKIP_INSTALL = YES;
				SWIFT_EMIT_LOC_STRINGS = YES;
				SWIFT_INSTALL_OBJC_HEADER = NO;
				SWIFT_VERSION = 5.0;
				TARGETED_DEVICE_FAMILY = "1,2";
				VERSIONING_SYSTEM = "apple-generic";
				VERSION_INFO_PREFIX = "";
			};
			name = Release;
		};
		DC3777902C1DDC050065C302 /* Debug */ = {
			isa = XCBuildConfiguration;
			buildSettings = {
				CODE_SIGN_STYLE = Automatic;
				CURRENT_PROJECT_VERSION = 1;
				DEVELOPMENT_TEAM = 9K37685DN3;
				GENERATE_INFOPLIST_FILE = YES;
				MARKETING_VERSION = 1.0;
				PRODUCT_BUNDLE_IDENTIFIER = app.interclip.ios.nterclipSharedTests;
				PRODUCT_NAME = "$(TARGET_NAME)";
				SWIFT_EMIT_LOC_STRINGS = NO;
				SWIFT_VERSION = 5.0;
				TARGETED_DEVICE_FAMILY = "1,2";
				TEST_HOST = "$(BUILT_PRODUCTS_DIR)/Interclip.app/$(BUNDLE_EXECUTABLE_FOLDER_PATH)/Interclip";
			};
			name = Debug;
		};
		DC3777912C1DDC050065C302 /* Release */ = {
			isa = XCBuildConfiguration;
			buildSettings = {
				CODE_SIGN_STYLE = Automatic;
				CURRENT_PROJECT_VERSION = 1;
				DEVELOPMENT_TEAM = 9K37685DN3;
				GENERATE_INFOPLIST_FILE = YES;
				MARKETING_VERSION = 1.0;
				PRODUCT_BUNDLE_IDENTIFIER = app.interclip.ios.nterclipSharedTests;
				PRODUCT_NAME = "$(TARGET_NAME)";
				SWIFT_EMIT_LOC_STRINGS = NO;
				SWIFT_VERSION = 5.0;
				TARGETED_DEVICE_FAMILY = "1,2";
				TEST_HOST = "$(BUILT_PRODUCTS_DIR)/Interclip.app/$(BUNDLE_EXECUTABLE_FOLDER_PATH)/Interclip";
			};
			name = Release;
		};
		DC72A9262C1A2C950005CB7A /* Debug */ = {
			isa = XCBuildConfiguration;
			buildSettings = {
				ALWAYS_SEARCH_USER_PATHS = NO;
				ASSETCATALOG_COMPILER_GENERATE_SWIFT_ASSET_SYMBOL_EXTENSIONS = YES;
				CLANG_ANALYZER_NONNULL = YES;
				CLANG_ANALYZER_NUMBER_OBJECT_CONVERSION = YES_AGGRESSIVE;
				CLANG_CXX_LANGUAGE_STANDARD = "gnu++20";
				CLANG_ENABLE_MODULES = YES;
				CLANG_ENABLE_OBJC_ARC = YES;
				CLANG_ENABLE_OBJC_WEAK = YES;
				CLANG_WARN_BLOCK_CAPTURE_AUTORELEASING = YES;
				CLANG_WARN_BOOL_CONVERSION = YES;
				CLANG_WARN_COMMA = YES;
				CLANG_WARN_CONSTANT_CONVERSION = YES;
				CLANG_WARN_DEPRECATED_OBJC_IMPLEMENTATIONS = YES;
				CLANG_WARN_DIRECT_OBJC_ISA_USAGE = YES_ERROR;
				CLANG_WARN_DOCUMENTATION_COMMENTS = YES;
				CLANG_WARN_EMPTY_BODY = YES;
				CLANG_WARN_ENUM_CONVERSION = YES;
				CLANG_WARN_INFINITE_RECURSION = YES;
				CLANG_WARN_INT_CONVERSION = YES;
				CLANG_WARN_NON_LITERAL_NULL_CONVERSION = YES;
				CLANG_WARN_OBJC_IMPLICIT_RETAIN_SELF = YES;
				CLANG_WARN_OBJC_LITERAL_CONVERSION = YES;
				CLANG_WARN_OBJC_ROOT_CLASS = YES_ERROR;
				CLANG_WARN_QUOTED_INCLUDE_IN_FRAMEWORK_HEADER = YES;
				CLANG_WARN_RANGE_LOOP_ANALYSIS = YES;
				CLANG_WARN_STRICT_PROTOTYPES = YES;
				CLANG_WARN_SUSPICIOUS_MOVE = YES;
				CLANG_WARN_UNGUARDED_AVAILABILITY = YES_AGGRESSIVE;
				CLANG_WARN_UNREACHABLE_CODE = YES;
				CLANG_WARN__DUPLICATE_METHOD_MATCH = YES;
				COPY_PHASE_STRIP = NO;
				DEBUG_INFORMATION_FORMAT = dwarf;
				ENABLE_STRICT_OBJC_MSGSEND = YES;
				ENABLE_TESTABILITY = YES;
				ENABLE_USER_SCRIPT_SANDBOXING = YES;
				GCC_C_LANGUAGE_STANDARD = gnu17;
				GCC_DYNAMIC_NO_PIC = NO;
				GCC_NO_COMMON_BLOCKS = YES;
				GCC_OPTIMIZATION_LEVEL = 0;
				GCC_PREPROCESSOR_DEFINITIONS = (
					"DEBUG=1",
					"$(inherited)",
				);
				GCC_WARN_64_TO_32_BIT_CONVERSION = YES;
				GCC_WARN_ABOUT_RETURN_TYPE = YES_ERROR;
				GCC_WARN_UNDECLARED_SELECTOR = YES;
				GCC_WARN_UNINITIALIZED_AUTOS = YES_AGGRESSIVE;
				GCC_WARN_UNUSED_FUNCTION = YES;
				GCC_WARN_UNUSED_VARIABLE = YES;
				IPHONEOS_DEPLOYMENT_TARGET = 18.0;
				LOCALIZATION_PREFERS_STRING_CATALOGS = YES;
				MTL_ENABLE_DEBUG_INFO = INCLUDE_SOURCE;
				MTL_FAST_MATH = YES;
				ONLY_ACTIVE_ARCH = YES;
				SDKROOT = iphoneos;
				SWIFT_ACTIVE_COMPILATION_CONDITIONS = "DEBUG $(inherited)";
				SWIFT_OPTIMIZATION_LEVEL = "-Onone";
			};
			name = Debug;
		};
		DC72A9272C1A2C950005CB7A /* Release */ = {
			isa = XCBuildConfiguration;
			buildSettings = {
				ALWAYS_SEARCH_USER_PATHS = NO;
				ASSETCATALOG_COMPILER_GENERATE_SWIFT_ASSET_SYMBOL_EXTENSIONS = YES;
				CLANG_ANALYZER_NONNULL = YES;
				CLANG_ANALYZER_NUMBER_OBJECT_CONVERSION = YES_AGGRESSIVE;
				CLANG_CXX_LANGUAGE_STANDARD = "gnu++20";
				CLANG_ENABLE_MODULES = YES;
				CLANG_ENABLE_OBJC_ARC = YES;
				CLANG_ENABLE_OBJC_WEAK = YES;
				CLANG_WARN_BLOCK_CAPTURE_AUTORELEASING = YES;
				CLANG_WARN_BOOL_CONVERSION = YES;
				CLANG_WARN_COMMA = YES;
				CLANG_WARN_CONSTANT_CONVERSION = YES;
				CLANG_WARN_DEPRECATED_OBJC_IMPLEMENTATIONS = YES;
				CLANG_WARN_DIRECT_OBJC_ISA_USAGE = YES_ERROR;
				CLANG_WARN_DOCUMENTATION_COMMENTS = YES;
				CLANG_WARN_EMPTY_BODY = YES;
				CLANG_WARN_ENUM_CONVERSION = YES;
				CLANG_WARN_INFINITE_RECURSION = YES;
				CLANG_WARN_INT_CONVERSION = YES;
				CLANG_WARN_NON_LITERAL_NULL_CONVERSION = YES;
				CLANG_WARN_OBJC_IMPLICIT_RETAIN_SELF = YES;
				CLANG_WARN_OBJC_LITERAL_CONVERSION = YES;
				CLANG_WARN_OBJC_ROOT_CLASS = YES_ERROR;
				CLANG_WARN_QUOTED_INCLUDE_IN_FRAMEWORK_HEADER = YES;
				CLANG_WARN_RANGE_LOOP_ANALYSIS = YES;
				CLANG_WARN_STRICT_PROTOTYPES = YES;
				CLANG_WARN_SUSPICIOUS_MOVE = YES;
				CLANG_WARN_UNGUARDED_AVAILABILITY = YES_AGGRESSIVE;
				CLANG_WARN_UNREACHABLE_CODE = YES;
				CLANG_WARN__DUPLICATE_METHOD_MATCH = YES;
				COPY_PHASE_STRIP = NO;
				DEBUG_INFORMATION_FORMAT = "dwarf-with-dsym";
				ENABLE_NS_ASSERTIONS = NO;
				ENABLE_STRICT_OBJC_MSGSEND = YES;
				ENABLE_USER_SCRIPT_SANDBOXING = YES;
				GCC_C_LANGUAGE_STANDARD = gnu17;
				GCC_NO_COMMON_BLOCKS = YES;
				GCC_WARN_64_TO_32_BIT_CONVERSION = YES;
				GCC_WARN_ABOUT_RETURN_TYPE = YES_ERROR;
				GCC_WARN_UNDECLARED_SELECTOR = YES;
				GCC_WARN_UNINITIALIZED_AUTOS = YES_AGGRESSIVE;
				GCC_WARN_UNUSED_FUNCTION = YES;
				GCC_WARN_UNUSED_VARIABLE = YES;
				IPHONEOS_DEPLOYMENT_TARGET = 18.0;
				LOCALIZATION_PREFERS_STRING_CATALOGS = YES;
				MTL_ENABLE_DEBUG_INFO = NO;
				MTL_FAST_MATH = YES;
				SDKROOT = iphoneos;
				SWIFT_COMPILATION_MODE = wholemodule;
				VALIDATE_PRODUCT = YES;
			};
			name = Release;
		};
		DC72A9292C1A2C950005CB7A /* Debug */ = {
			isa = XCBuildConfiguration;
			buildSettings = {
				ASSETCATALOG_COMPILER_APPICON_NAME = AppIcon;
				ASSETCATALOG_COMPILER_GLOBAL_ACCENT_COLOR_NAME = AccentColor;
				ASSETCATALOG_COMPILER_INCLUDE_ALL_APPICON_ASSETS = YES;
				CODE_SIGN_STYLE = Automatic;
				CURRENT_PROJECT_VERSION = 2;
				DEVELOPMENT_ASSET_PATHS = "\"Interclip/Preview Content\"";
				DEVELOPMENT_TEAM = 9K37685DN3;
				ENABLE_PREVIEWS = YES;
				GENERATE_INFOPLIST_FILE = YES;
				INFOPLIST_FILE = Interclip/Info.plist;
				INFOPLIST_KEY_CFBundleDisplayName = Interclip;
				INFOPLIST_KEY_LSApplicationCategoryType = "public.app-category.productivity";
				INFOPLIST_KEY_UIApplicationSceneManifest_Generation = YES;
				INFOPLIST_KEY_UIApplicationSupportsIndirectInputEvents = YES;
				INFOPLIST_KEY_UILaunchScreen_Generation = YES;
				INFOPLIST_KEY_UISupportedInterfaceOrientations = "UIInterfaceOrientationLandscapeLeft UIInterfaceOrientationLandscapeRight UIInterfaceOrientationPortrait UIInterfaceOrientationPortraitUpsideDown";
				LD_RUNPATH_SEARCH_PATHS = (
					"$(inherited)",
					"@executable_path/Frameworks",
				);
				MARKETING_VERSION = 3.0;
				PRODUCT_BUNDLE_IDENTIFIER = app.interclip.ios;
				PRODUCT_NAME = "$(TARGET_NAME)";
				SWIFT_EMIT_LOC_STRINGS = YES;
				SWIFT_VERSION = 5.0;
				TARGETED_DEVICE_FAMILY = "1,2";
			};
			name = Debug;
		};
		DC72A92A2C1A2C950005CB7A /* Release */ = {
			isa = XCBuildConfiguration;
			buildSettings = {
				ASSETCATALOG_COMPILER_APPICON_NAME = AppIcon;
				ASSETCATALOG_COMPILER_GLOBAL_ACCENT_COLOR_NAME = AccentColor;
				ASSETCATALOG_COMPILER_INCLUDE_ALL_APPICON_ASSETS = YES;
				CODE_SIGN_STYLE = Automatic;
				CURRENT_PROJECT_VERSION = 2;
				DEVELOPMENT_ASSET_PATHS = "\"Interclip/Preview Content\"";
				DEVELOPMENT_TEAM = 9K37685DN3;
				ENABLE_PREVIEWS = YES;
				GENERATE_INFOPLIST_FILE = YES;
				INFOPLIST_FILE = Interclip/Info.plist;
				INFOPLIST_KEY_CFBundleDisplayName = Interclip;
				INFOPLIST_KEY_LSApplicationCategoryType = "public.app-category.productivity";
				INFOPLIST_KEY_UIApplicationSceneManifest_Generation = YES;
				INFOPLIST_KEY_UIApplicationSupportsIndirectInputEvents = YES;
				INFOPLIST_KEY_UILaunchScreen_Generation = YES;
				INFOPLIST_KEY_UISupportedInterfaceOrientations = "UIInterfaceOrientationLandscapeLeft UIInterfaceOrientationLandscapeRight UIInterfaceOrientationPortrait UIInterfaceOrientationPortraitUpsideDown";
				LD_RUNPATH_SEARCH_PATHS = (
					"$(inherited)",
					"@executable_path/Frameworks",
				);
				MARKETING_VERSION = 3.0;
				PRODUCT_BUNDLE_IDENTIFIER = app.interclip.ios;
				PRODUCT_NAME = "$(TARGET_NAME)";
				SWIFT_EMIT_LOC_STRINGS = YES;
				SWIFT_VERSION = 5.0;
				TARGETED_DEVICE_FAMILY = "1,2";
			};
			name = Release;
		};
		DC72A92C2C1A2C950005CB7A /* Debug */ = {
			isa = XCBuildConfiguration;
			buildSettings = {
				BUNDLE_LOADER = "$(TEST_HOST)";
				CODE_SIGN_STYLE = Automatic;
				CURRENT_PROJECT_VERSION = 1;
				DEVELOPMENT_TEAM = 9K37685DN3;
				GENERATE_INFOPLIST_FILE = YES;
				IPHONEOS_DEPLOYMENT_TARGET = 18.0;
				MARKETING_VERSION = 1.0;
				PRODUCT_BUNDLE_IDENTIFIER = app.interclip.ios.Tests;
				PRODUCT_NAME = "$(TARGET_NAME)";
				SWIFT_EMIT_LOC_STRINGS = NO;
				SWIFT_VERSION = 5.0;
				TARGETED_DEVICE_FAMILY = "1,2";
				TEST_HOST = "$(BUILT_PRODUCTS_DIR)/Interclip.app/$(BUNDLE_EXECUTABLE_FOLDER_PATH)/Interclip";
			};
			name = Debug;
		};
		DC72A92D2C1A2C950005CB7A /* Release */ = {
			isa = XCBuildConfiguration;
			buildSettings = {
				BUNDLE_LOADER = "$(TEST_HOST)";
				CODE_SIGN_STYLE = Automatic;
				CURRENT_PROJECT_VERSION = 1;
				DEVELOPMENT_TEAM = 9K37685DN3;
				GENERATE_INFOPLIST_FILE = YES;
				IPHONEOS_DEPLOYMENT_TARGET = 18.0;
				MARKETING_VERSION = 1.0;
				PRODUCT_BUNDLE_IDENTIFIER = app.interclip.ios.Tests;
				PRODUCT_NAME = "$(TARGET_NAME)";
				SWIFT_EMIT_LOC_STRINGS = NO;
				SWIFT_VERSION = 5.0;
				TARGETED_DEVICE_FAMILY = "1,2";
				TEST_HOST = "$(BUILT_PRODUCTS_DIR)/Interclip.app/$(BUNDLE_EXECUTABLE_FOLDER_PATH)/Interclip";
			};
			name = Release;
		};
		DC72A92F2C1A2C950005CB7A /* Debug */ = {
			isa = XCBuildConfiguration;
			buildSettings = {
				CODE_SIGN_STYLE = Automatic;
				CURRENT_PROJECT_VERSION = 1;
				DEVELOPMENT_TEAM = 9K37685DN3;
				GENERATE_INFOPLIST_FILE = YES;
				MARKETING_VERSION = 1.0;
				PRODUCT_BUNDLE_IDENTIFIER = app.interclip.ios.UITests;
				PRODUCT_NAME = "$(TARGET_NAME)";
				SWIFT_EMIT_LOC_STRINGS = NO;
				SWIFT_VERSION = 5.0;
				TARGETED_DEVICE_FAMILY = "1,2";
				TEST_TARGET_NAME = Interclip;
			};
			name = Debug;
		};
		DC72A9302C1A2C950005CB7A /* Release */ = {
			isa = XCBuildConfiguration;
			buildSettings = {
				CODE_SIGN_STYLE = Automatic;
				CURRENT_PROJECT_VERSION = 1;
				DEVELOPMENT_TEAM = 9K37685DN3;
				GENERATE_INFOPLIST_FILE = YES;
				MARKETING_VERSION = 1.0;
				PRODUCT_BUNDLE_IDENTIFIER = app.interclip.ios.UITests;
				PRODUCT_NAME = "$(TARGET_NAME)";
				SWIFT_EMIT_LOC_STRINGS = NO;
				SWIFT_VERSION = 5.0;
				TARGETED_DEVICE_FAMILY = "1,2";
				TEST_TARGET_NAME = Interclip;
			};
			name = Release;
		};
/* End XCBuildConfiguration section */

/* Begin XCConfigurationList section */
		DC3777682C1DDA8D0065C302 /* Build configuration list for PBXNativeTarget "ShareTarget" */ = {
			isa = XCConfigurationList;
			buildConfigurations = (
				DC3777692C1DDA8D0065C302 /* Debug */,
				DC37776A2C1DDA8D0065C302 /* Release */,
			);
			defaultConfigurationIsVisible = 0;
			defaultConfigurationName = Release;
		};
		DC3777922C1DDC050065C302 /* Build configuration list for PBXNativeTarget "InterclipShared" */ = {
			isa = XCConfigurationList;
			buildConfigurations = (
				DC37778E2C1DDC050065C302 /* Debug */,
				DC37778F2C1DDC050065C302 /* Release */,
			);
			defaultConfigurationIsVisible = 0;
			defaultConfigurationName = Release;
		};
		DC3777932C1DDC050065C302 /* Build configuration list for PBXNativeTarget "InterclipSharedTests" */ = {
			isa = XCConfigurationList;
			buildConfigurations = (
				DC3777902C1DDC050065C302 /* Debug */,
				DC3777912C1DDC050065C302 /* Release */,
			);
			defaultConfigurationIsVisible = 0;
			defaultConfigurationName = Release;
		};
		DC72A8FF2C1A2C940005CB7A /* Build configuration list for PBXProject "Interclip" */ = {
			isa = XCConfigurationList;
			buildConfigurations = (
				DC72A9262C1A2C950005CB7A /* Debug */,
				DC72A9272C1A2C950005CB7A /* Release */,
			);
			defaultConfigurationIsVisible = 0;
			defaultConfigurationName = Release;
		};
		DC72A9282C1A2C950005CB7A /* Build configuration list for PBXNativeTarget "Interclip" */ = {
			isa = XCConfigurationList;
			buildConfigurations = (
				DC72A9292C1A2C950005CB7A /* Debug */,
				DC72A92A2C1A2C950005CB7A /* Release */,
			);
			defaultConfigurationIsVisible = 0;
			defaultConfigurationName = Release;
		};
		DC72A92B2C1A2C950005CB7A /* Build configuration list for PBXNativeTarget "InterclipTests" */ = {
			isa = XCConfigurationList;
			buildConfigurations = (
				DC72A92C2C1A2C950005CB7A /* Debug */,
				DC72A92D2C1A2C950005CB7A /* Release */,
			);
			defaultConfigurationIsVisible = 0;
			defaultConfigurationName = Release;
		};
		DC72A92E2C1A2C950005CB7A /* Build configuration list for PBXNativeTarget "InterclipUITests" */ = {
			isa = XCConfigurationList;
			buildConfigurations = (
				DC72A92F2C1A2C950005CB7A /* Debug */,
				DC72A9302C1A2C950005CB7A /* Release */,
			);
			defaultConfigurationIsVisible = 0;
			defaultConfigurationName = Release;
		};
/* End XCConfigurationList section */
	};
	rootObject = DC72A8FC2C1A2C940005CB7A /* Project object */;
}
